# This file is autogenerated, do not edit; changes may be undone by the next 'dep ensure'.


[[projects]]
  branch = "master"
  digest = "1:471f4533f0eef4b4ed8589979dbcc3ddf9adcae4deae155f8b2ba519304d98ea"
  name = "github.com/integration-system/bellows"
  packages = ["."]
  pruneopts = "UT"
  revision = "4c8f91b7fb44f44098117e503c54768dc14eddfe"

[[projects]]
  branch = "master"
  digest = "1:c4f3970d1f30f5e9bc1751b62b7ea6127256e59fd63a3d36e166fe1121250c57"
  name = "github.com/integration-system/go-cmp"
  packages = [
    "cmp",
    "cmp/internal/diff",
    "cmp/internal/function",
    "cmp/internal/value",
  ]
  pruneopts = "UT"
  revision = "ac5582987a2f25e8743e0ebb7259312adda05c23"

[[projects]]
  branch = "master"
  digest = "1:abd0cd78d6d27a98080f2b2a7fd39bb2f3d3eef6aa20c720093129f04fb41d78"
  name = "github.com/integration-system/gowsdl"
  packages = ["soap"]
  pruneopts = "UT"
  revision = "368713356c71961354e09ab9b734740ebdd94784"

[[projects]]
  digest = "1:3e551bbb3a7c0ab2a2bf4660e7fcad16db089fdcfbb44b0199e62838038623ea"
  name = "github.com/json-iterator/go"
  packages = ["."]
  pruneopts = "UT"
  revision = "1624edc4454b8682399def8740d46db5e4362ba4"
  version = "v1.1.5"

[[projects]]
  digest = "1:33422d238f147d247752996a26574ac48dcf472976eda7f5134015f06bf16563"
  name = "github.com/modern-go/concurrent"
  packages = ["."]
  pruneopts = "UT"
  revision = "bacd9c7ef1dd9b15be4a9909b8ac7a4e313eec94"
  version = "1.0.3"

[[projects]]
  digest = "1:e32bdbdb7c377a07a9a46378290059822efdce5c8d96fe71940d87cb4f918855"
  name = "github.com/modern-go/reflect2"
  packages = ["."]
  pruneopts = "UT"
  revision = "4b7aa43c6742a2c18fdef89dd197aaae7dac7ccd"
  version = "1.0.1"

[[projects]]
  digest = "1:8061e1ede5067e386972621147c69c9183d3dc3215056465206fc4202b3a15e7"
  name = "google.golang.org/grpc"
  packages = ["codes"]
  pruneopts = "UT"
  revision = "a02b0774206b209466313a0b525d2c738fe407eb"
  version = "v1.18.0"

[solve-meta]
  analyzer-name = "dep"
  analyzer-version = 1
  input-imports = [
    "github.com/integration-system/bellows",
    "github.com/integration-system/go-cmp/cmp",
    "github.com/integration-system/gowsdl/soap",
    "github.com/json-iterator/go",
    "google.golang.org/grpc/codes",
  ]
  solver-name = "gps-cdcl"
  solver-version = 1
